
Microsoft Visual Studio Solution File, Format Version 12.00
# Visual Studio Version 17
VisualStudioVersion = 17.14.36603.0 d17.14
MinimumVisualStudioVersion = 10.0.40219.1
Project("{FAE04EC0-301F-11D3-BF4B-00C04F79EFBC}") = "CreateDBProj", "CreateDBProj\CreateDBProj.csproj", "{2D42F9FF-6405-4AB4-B620-E5582FE18324}"
EndProject
Global
	GlobalSection(SolutionConfigurationPlatforms) = preSolution
		Debug|Any CPU = Debug|Any CPU
		Release|Any CPU = Release|Any CPU
	EndGlobalSection
	GlobalSection(ProjectConfigurationPlatforms) = postSolution
		{2D42F9FF-6405-4AB4-B620-E5582FE18324}.Debug|Any CPU.ActiveCfg = Debug|Any CPU
		{2D42F9FF-6405-4AB4-B620-E5582FE18324}.Debug|Any CPU.Build.0 = Debug|Any CPU
		{2D42F9FF-6405-4AB4-B620-E5582FE18324}.Release|Any CPU.ActiveCfg = Release|Any CPU
		{2D42F9FF-6405-4AB4-B620-E5582FE18324}.Release|Any CPU.Build.0 = Release|Any CPU
	EndGlobalSection
	GlobalSection(SolutionProperties) = preSolution
		HideSolutionNode = FALSE
	EndGlobalSection
	GlobalSection(ExtensibilityGlobals) = postSolution
		SolutionGuid = {E5BE629E-A44A-44A2-A2B1-8F6BFDA6713C}
	EndGlobalSection
EndGlobal
